// !$*UTF8*$!
{
	archiveVersion = 1;
	classes = {
	};
	objectVersion = 46;
	objects = {

/* Begin PBXBuildFile section */
		612F07761AF0192700B596A1 /* AppDelegate.swift in Sources */ = {isa = PBXBuildFile; fileRef = 612F07751AF0192700B596A1 /* AppDelegate.swift */; };
		612F07781AF0192700B596A1 /* ViewController.swift in Sources */ = {isa = PBXBuildFile; fileRef = 612F07771AF0192700B596A1 /* ViewController.swift */; };
		612F077B1AF0192700B596A1 /* Main.storyboard in Resources */ = {isa = PBXBuildFile; fileRef = 612F07791AF0192700B596A1 /* Main.storyboard */; };
		612F077D1AF0192700B596A1 /* Images.xcassets in Resources */ = {isa = PBXBuildFile; fileRef = 612F077C1AF0192700B596A1 /* Images.xcassets */; };
		612F07801AF0192700B596A1 /* LaunchScreen.xib in Resources */ = {isa = PBXBuildFile; fileRef = 612F077E1AF0192700B596A1 /* LaunchScreen.xib */; };
		612F078C1AF0192700B596A1 /* UsherTests.swift in Sources */ = {isa = PBXBuildFile; fileRef = 612F078B1AF0192700B596A1 /* UsherTests.swift */; };
/* End PBXBuildFile section */

/* Begin PBXContainerItemProxy section */
		612F07861AF0192700B596A1 /* PBXContainerItemProxy */ = {
			isa = PBXContainerItemProxy;
			containerPortal = 612F07681AF0192700B596A1 /* Project object */;
			proxyType = 1;
			remoteGlobalIDString = 612F076F1AF0192700B596A1;
			remoteInfo = Usher;
		};
/* End PBXContainerItemProxy section */

/* Begin PBXFileReference section */
		612F07701AF0192700B596A1 /* Usher.app */ = {isa = PBXFileReference; explicitFileType = wrapper.application; includeInIndex = 0; path = Usher.app; sourceTree = BUILT_PRODUCTS_DIR; };
		612F07741AF0192700B596A1 /* Info.plist */ = {isa = PBXFileReference; lastKnownFileType = text.plist.xml; path = Info.plist; sourceTree = "<group>"; };
		612F07751AF0192700B596A1 /* AppDelegate.swift */ = {isa = PBXFileReference; lastKnownFileType = sourcecode.swift; path = AppDelegate.swift; sourceTree = "<group>"; };
		612F07771AF0192700B596A1 /* ViewController.swift */ = {isa = PBXFileReference; lastKnownFileType = sourcecode.swift; path = ViewController.swift; sourceTree = "<group>"; };
		612F077A1AF0192700B596A1 /* Base */ = {isa = PBXFileReference; lastKnownFileType = file.storyboard; name = Base; path = Base.lproj/Main.storyboard; sourceTree = "<group>"; };
		612F077C1AF0192700B596A1 /* Images.xcassets */ = {isa = PBXFileReference; lastKnownFileType = folder.assetcatalog; path = Images.xcassets; sourceTree = "<group>"; };
		612F077F1AF0192700B596A1 /* Base */ = {isa = PBXFileReference; lastKnownFileType = file.xib; name = Base; path = Base.lproj/LaunchScreen.xib; sourceTree = "<group>"; };
		612F07851AF0192700B596A1 /* UsherTests.xctest */ = {isa = PBXFileReference; explicitFileType = wrapper.cfbundle; includeInIndex = 0; path = UsherTests.xctest; sourceTree = BUILT_PRODUCTS_DIR; };
		612F078A1AF0192700B596A1 /* Info.plist */ = {isa = PBXFileReference; lastKnownFileType = text.plist.xml; path = Info.plist; sourceTree = "<group>"; };
		612F078B1AF0192700B596A1 /* UsherTests.swift */ = {isa = PBXFileReference; lastKnownFileType = sourcecode.swift; path = UsherTests.swift; sourceTree = "<group>"; };
/* End PBXFileReference section */

/* Begin PBXFrameworksBuildPhase section */
		612F076D1AF0192700B596A1 /* Frameworks */ = {
			isa = PBXFrameworksBuildPhase;
			buildActionMask = 2147483647;
			files = (
			);
			runOnlyForDeploymentPostprocessing = 0;
		};
		612F07821AF0192700B596A1 /* Frameworks */ = {
			isa = PBXFrameworksBuildPhase;
			buildActionMask = 2147483647;
			files = (
			);
			runOnlyForDeploymentPostprocessing = 0;
		};
/* End PBXFrameworksBuildPhase section */

/* Begin PBXGroup section */
		612F07671AF0192700B596A1 = {
			isa = PBXGroup;
			children = (
				612F07721AF0192700B596A1 /* Usher */,
				612F07881AF0192700B596A1 /* UsherTests */,
				612F07711AF0192700B596A1 /* Products */,
			);
			sourceTree = "<group>";
		};
		612F07711AF0192700B596A1 /* Products */ = {
			isa = PBXGroup;
			children = (
				612F07701AF0192700B596A1 /* Usher.app */,
				612F07851AF0192700B596A1 /* UsherTests.xctest */,
			);
			name = Products;
			sourceTree = "<group>";
		};
		612F07721AF0192700B596A1 /* Usher */ = {
			isa = PBXGroup;
			children = (
				612F07751AF0192700B596A1 /* AppDelegate.swift */,
				612F07771AF0192700B596A1 /* ViewController.swift */,
				612F07791AF0192700B596A1 /* Main.storyboard */,
				612F077C1AF0192700B596A1 /* Images.xcassets */,
				612F077E1AF0192700B596A1 /* LaunchScreen.xib */,
				612F07731AF0192700B596A1 /* Supporting Files */,
			);
			path = Usher;
			sourceTree = "<group>";
		};
		612F07731AF0192700B596A1 /* Supporting Files */ = {
			isa = PBXGroup;
			children = (
				612F07741AF0192700B596A1 /* Info.plist */,
			);
			name = "Supporting Files";
			sourceTree = "<group>";
		};
		612F07881AF0192700B596A1 /* UsherTests */ = {
			isa = PBXGroup;
			children = (
				612F078B1AF0192700B596A1 /* UsherTests.swift */,
				612F07891AF0192700B596A1 /* Supporting Files */,
			);
			path = UsherTests;
			sourceTree = "<group>";
		};
		612F07891AF0192700B596A1 /* Supporting Files */ = {
			isa = PBXGroup;
			children = (
				612F078A1AF0192700B596A1 /* Info.plist */,
			);
			name = "Supporting Files";
			sourceTree = "<group>";
		};
/* End PBXGroup section */

/* Begin PBXNativeTarget section */
		612F076F1AF0192700B596A1 /* Usher */ = {
			isa = PBXNativeTarget;
			buildConfigurationList = 612F078F1AF0192700B596A1 /* Build configuration list for PBXNativeTarget "Usher" */;
			buildPhases = (
				612F076C1AF0192700B596A1 /* Sources */,
				612F076D1AF0192700B596A1 /* Frameworks */,
				612F076E1AF0192700B596A1 /* Resources */,
			);
			buildRules = (
			);
			dependencies = (
			);
			name = Usher;
			productName = Usher;
			productReference = 612F07701AF0192700B596A1 /* Usher.app */;
			productType = "com.apple.product-type.application";
		};
		612F07841AF0192700B596A1 /* UsherTests */ = {
			isa = PBXNativeTarget;
			buildConfigurationList = 612F07921AF0192700B596A1 /* Build configuration list for PBXNativeTarget "UsherTests" */;
			buildPhases = (
				612F07811AF0192700B596A1 /* Sources */,
				612F07821AF0192700B596A1 /* Frameworks */,
				612F07831AF0192700B596A1 /* Resources */,
			);
			buildRules = (
			);
			dependencies = (
				612F07871AF0192700B596A1 /* PBXTargetDependency */,
			);
			name = UsherTests;
			productName = UsherTests;
			productReference = 612F07851AF0192700B596A1 /* UsherTests.xctest */;
			productType = "com.apple.product-type.bundle.unit-test";
		};
/* End PBXNativeTarget section */

/* Begin PBXProject section */
		612F07681AF0192700B596A1 /* Project object */ = {
			isa = PBXProject;
			attributes = {
				LastUpgradeCheck = 0630;
				ORGANIZATIONNAME = Celly;
				TargetAttributes = {
					612F076F1AF0192700B596A1 = {
						CreatedOnToolsVersion = 6.3.1;
					};
					612F07841AF0192700B596A1 = {
						CreatedOnToolsVersion = 6.3.1;
						TestTargetID = 612F076F1AF0192700B596A1;
					};
				};
			};
			buildConfigurationList = 612F076B1AF0192700B596A1 /* Build configuration list for PBXProject "Usher" */;
			compatibilityVersion = "Xcode 3.2";
			developmentRegion = English;
			hasScannedForEncodings = 0;
			knownRegions = (
				en,
				Base,
			);
			mainGroup = 612F07671AF0192700B596A1;
			productRefGroup = 612F07711AF0192700B596A1 /* Products */;
			projectDirPath = "";
			projectRoot = "";
			targets = (
				612F076F1AF0192700B596A1 /* Usher */,
				612F07841AF0192700B596A1 /* UsherTests */,
			);
		};
/* End PBXProject section */

/* Begin PBXResourcesBuildPhase section */
		612F076E1AF0192700B596A1 /* Resources */ = {
			isa = PBXResourcesBuildPhase;
			buildActionMask = 2147483647;
			files = (
				612F077B1AF0192700B596A1 /* Main.storyboard in Resources */,
				612F07801AF0192700B596A1 /* LaunchScreen.xib in Resources */,
				612F077D1AF0192700B596A1 /* Images.xcassets in Resources */,
			);
			runOnlyForDeploymentPostprocessing = 0;
		};
		612F07831AF0192700B596A1 /* Resources */ = {
			isa = PBXResourcesBuildPhase;
			buildActionMask = 2147483647;
			files = (
			);
			runOnlyForDeploymentPostprocessing = 0;
		};
/* End PBXResourcesBuildPhase section */

/* Begin PBXSourcesBuildPhase section */
		612F076C1AF0192700B596A1 /* Sources */ = {
			isa = PBXSourcesBuildPhase;
			buildActionMask = 2147483647;
			files = (
				612F07781AF0192700B596A1 /* ViewController.swift in Sources */,
				612F07761AF0192700B596A1 /* AppDelegate.swift in Sources */,
			);
			runOnlyForDeploymentPostprocessing = 0;
		};
		612F07811AF0192700B596A1 /* Sources */ = {
			isa = PBXSourcesBuildPhase;
			buildActionMask = 2147483647;
			files = (
				612F078C1AF0192700B596A1 /* UsherTests.swift in Sources */,
			);
			runOnlyForDeploymentPostprocessing = 0;
		};
/* End PBXSourcesBuildPhase section */

/* Begin PBXTargetDependency section */
		612F07871AF0192700B596A1 /* PBXTargetDependency */ = {
			isa = PBXTargetDependency;
			target = 612F076F1AF0192700B596A1 /* Usher */;
			targetProxy = 612F07861AF0192700B596A1 /* PBXContainerItemProxy */;
		};
/* End PBXTargetDependency section */

/* Begin PBXVariantGroup section */
		612F07791AF0192700B596A1 /* Main.storyboard */ = {
			isa = PBXVariantGroup;
			children = (
				612F077A1AF0192700B596A1 /* Base */,
			);
			name = Main.storyboard;
			sourceTree = "<group>";
		};
		612F077E1AF0192700B596A1 /* LaunchScreen.xib */ = {
			isa = PBXVariantGroup;
			children = (
				612F077F1AF0192700B596A1 /* Base */,
			);
			name = LaunchScreen.xib;
			sourceTree = "<group>";
		};
/* End PBXVariantGroup section */

/* Begin XCBuildConfiguration section */
		612F078D1AF0192700B596A1 /* Debug */ = {
			isa = XCBuildConfiguration;
			buildSettings = {
				ALWAYS_SEARCH_USER_PATHS = NO;
				CLANG_CXX_LANGUAGE_STANDARD = "gnu++0x";
				CLANG_CXX_LIBRARY = "libc++";
				CLANG_ENABLE_MODULES = YES;
				CLANG_ENABLE_OBJC_ARC = YES;
				CLANG_WARN_BOOL_CONVERSION = YES;
				CLANG_WARN_CONSTANT_CONVERSION = YES;
				CLANG_WARN_DIRECT_OBJC_ISA_USAGE = YES_ERROR;
				CLANG_WARN_EMPTY_BODY = YES;
				CLANG_WARN_ENUM_CONVERSION = YES;
				CLANG_WARN_INT_CONVERSION = YES;
				CLANG_WARN_OBJC_ROOT_CLASS = YES_ERROR;
				CLANG_WARN_UNREACHABLE_CODE = YES;
				CLANG_WARN__DUPLICATE_METHOD_MATCH = YES;
				"CODE_SIGN_IDENTITY[sdk=iphoneos*]" = "iPhone Developer";
				COPY_PHASE_STRIP = NO;
				DEBUG_INFORMATION_FORMAT = "dwarf-with-dsym";
				ENABLE_STRICT_OBJC_MSGSEND = YES;
				GCC_C_LANGUAGE_STANDARD = gnu99;
				GCC_DYNAMIC_NO_PIC = NO;
				GCC_NO_COMMON_BLOCKS = YES;
				GCC_OPTIMIZATION_LEVEL = 0;
				GCC_PREPROCESSOR_DEFINITIONS = (
					"DEBUG=1",
					"$(inherited)",
				);
				GCC_SYMBOLS_PRIVATE_EXTERN = NO;
				GCC_WARN_64_TO_32_BIT_CONVERSION = YES;
				GCC_WARN_ABOUT_RETURN_TYPE = YES_ERROR;
				GCC_WARN_UNDECLARED_SELECTOR = YES;
				GCC_WARN_UNINITIALIZED_AUTOS = YES_AGGRESSIVE;
				GCC_WARN_UNUSED_FUNCTION = YES;
				GCC_WARN_UNUSED_VARIABLE = YES;
				IPHONEOS_DEPLOYMENT_TARGET = 8.3;
				MTL_ENABLE_DEBUG_INFO = YES;
				ONLY_ACTIVE_ARCH = YES;
				SDKROOT = iphoneos;
				SWIFT_OPTIMIZATION_LEVEL = "-Onone";
				TARGETED_DEVICE_FAMILY = "1,2";
			};
			name = Debug;
		};
		612F078E1AF0192700B596A1 /* Release */ = {
			isa = XCBuildConfiguration;
			buildSettings = {
				ALWAYS_SEARCH_USER_PATHS = NO;
				CLANG_CXX_LANGUAGE_STANDARD = "gnu++0x";
				CLANG_CXX_LIBRARY = "libc++";
				CLANG_ENABLE_MODULES = YES;
				CLANG_ENABLE_OBJC_ARC = YES;
				CLANG_WARN_BOOL_CONVERSION = YES;
				CLANG_WARN_CONSTANT_CONVERSION = YES;
				CLANG_WARN_DIRECT_OBJC_ISA_USAGE = YES_ERROR;
				CLANG_WARN_EMPTY_BODY = YES;
				CLANG_WARN_ENUM_CONVERSION = YES;
				CLANG_WARN_INT_CONVERSION = YES;
				CLANG_WARN_OBJC_ROOT_CLASS = YES_ERROR;
				CLANG_WARN_UNREACHABLE_CODE = YES;
				CLANG_WARN__DUPLICATE_METHOD_MATCH = YES;
				"CODE_SIGN_IDENTITY[sdk=iphoneos*]" = "iPhone Developer";
				COPY_PHASE_STRIP = NO;
				DEBUG_INFORMATION_FORMAT = "dwarf-with-dsym";
				ENABLE_NS_ASSERTIONS = NO;
				ENABLE_STRICT_OBJC_MSGSEND = YES;
				GCC_C_LANGUAGE_STANDARD = gnu99;
				GCC_NO_COMMON_BLOCKS = YES;
				GCC_WARN_64_TO_32_BIT_CONVERSION = YES;
				GCC_WARN_ABOUT_RETURN_TYPE = YES_ERROR;
				GCC_WARN_UNDECLARED_SELECTOR = YES;
				GCC_WARN_UNINITIALIZED_AUTOS = YES_AGGRESSIVE;
				GCC_WARN_UNUSED_FUNCTION = YES;
				GCC_WARN_UNUSED_VARIABLE = YES;
				IPHONEOS_DEPLOYMENT_TARGET = 8.3;
				MTL_ENABLE_DEBUG_INFO = NO;
				SDKROOT = iphoneos;
				TARGETED_DEVICE_FAMILY = "1,2";
				VALIDATE_PRODUCT = YES;
			};
			name = Release;
		};
		612F07901AF0192700B596A1 /* Debug */ = {
			isa = XCBuildConfiguration;
			buildSettings = {
				ASSETCATALOG_COMPILER_APPICON_NAME = AppIcon;
				INFOPLIST_FILE = Usher/Info.plist;
				LD_RUNPATH_SEARCH_PATHS = "$(inherited) @executable_path/Frameworks";
				PRODUCT_NAME = "$(TARGET_NAME)";
			};
			name = Debug;
		};
		612F07911AF0192700B596A1 /* Release */ = {
			isa = XCBuildConfiguration;
			buildSettings = {
				ASSETCATALOG_COMPILER_APPICON_NAME = AppIcon;
				INFOPLIST_FILE = Usher/Info.plist;
				LD_RUNPATH_SEARCH_PATHS = "$(inherited) @executable_path/Frameworks";
				PRODUCT_NAME = "$(TARGET_NAME)";
			};
			name = Release;
		};
		612F07931AF0192700B596A1 /* Debug */ = {
			isa = XCBuildConfiguration;
			buildSettings = {
				BUNDLE_LOADER = "$(TEST_HOST)";
				FRAMEWORK_SEARCH_PATHS = (
					"$(SDKROOT)/Developer/Library/Frameworks",
					"$(inherited)",
				);
				GCC_PREPROCESSOR_DEFINITIONS = (
					"DEBUG=1",
					"$(inherited)",
				);
				INFOPLIST_FILE = UsherTests/Info.plist;
				LD_RUNPATH_SEARCH_PATHS = "$(inherited) @executable_path/Frameworks @loader_path/Frameworks";
				PRODUCT_NAME = "$(TARGET_NAME)";
				TEST_HOST = "$(BUILT_PRODUCTS_DIR)/Usher.app/Usher";
			};
			name = Debug;
		};
		612F07941AF0192700B596A1 /* Release */ = {
			isa = XCBuildConfiguration;
			buildSettings = {
				BUNDLE_LOADER = "$(TEST_HOST)";
				FRAMEWORK_SEARCH_PATHS = (
					"$(SDKROOT)/Developer/Library/Frameworks",
					"$(inherited)",
				);
				INFOPLIST_FILE = UsherTests/Info.plist;
				LD_RUNPATH_SEARCH_PATHS = "$(inherited) @executable_path/Frameworks @loader_path/Frameworks";
				PRODUCT_NAME = "$(TARGET_NAME)";
				TEST_HOST = "$(BUILT_PRODUCTS_DIR)/Usher.app/Usher";
			};
			name = Release;
		};
/* End XCBuildConfiguration section */

/* Begin XCConfigurationList section */
		612F076B1AF0192700B596A1 /* Build configuration list for PBXProject "Usher" */ = {
			isa = XCConfigurationList;
			buildConfigurations = (
				612F078D1AF0192700B596A1 /* Debug */,
				612F078E1AF0192700B596A1 /* Release */,
			);
			defaultConfigurationIsVisible = 0;
			defaultConfigurationName = Release;
		};
		612F078F1AF0192700B596A1 /* Build configuration list for PBXNativeTarget "Usher" */ = {
			isa = XCConfigurationList;
			buildConfigurations = (
				612F07901AF0192700B596A1 /* Debug */,
				612F07911AF0192700B596A1 /* Release */,
			);
			defaultConfigurationIsVisible = 0;
		};
		612F07921AF0192700B596A1 /* Build configuration list for PBXNativeTarget "UsherTests" */ = {
			isa = XCConfigurationList;
			buildConfigurations = (
				612F07931AF0192700B596A1 /* Debug */,
				612F07941AF0192700B596A1 /* Release */,
			);
			defaultConfigurationIsVisible = 0;
		};
/* End XCConfigurationList section */
	};
	rootObject = 612F07681AF0192700B596A1 /* Project object */;
}
